
Microsoft Visual Studio Solution File, Format Version 12.00
# Visual Studio Version 16
VisualStudioVersion = 16.0.30523.141
MinimumVisualStudioVersion = 10.0.40219.1
Project("{FAE04EC0-301F-11D3-BF4B-00C04F79EFBC}") = "DataAccess", "CenfoBanc\DataAccess.csproj", "{69F3F604-1BE1-417B-86B6-BFE79283923F}"
EndProject
Project("{FAE04EC0-301F-11D3-BF4B-00C04F79EFBC}") = "Entidades_POJO", "Entidades-POJO\Entidades_POJO.csproj", "{C0C81FD4-E7F5-4B16-A572-7A9694EF1D70}"
EndProject
Global
	GlobalSection(SolutionConfigurationPlatforms) = preSolution
		Debug|Any CPU = Debug|Any CPU
		Release|Any CPU = Release|Any CPU
	EndGlobalSection
	GlobalSection(ProjectConfigurationPlatforms) = postSolution
		{69F3F604-1BE1-417B-86B6-BFE79283923F}.Debug|Any CPU.ActiveCfg = Debug|Any CPU
		{69F3F604-1BE1-417B-86B6-BFE79283923F}.Debug|Any CPU.Build.0 = Debug|Any CPU
		{69F3F604-1BE1-417B-86B6-BFE79283923F}.Release|Any CPU.ActiveCfg = Release|Any CPU
		{69F3F604-1BE1-417B-86B6-BFE79283923F}.Release|Any CPU.Build.0 = Release|Any CPU
		{C0C81FD4-E7F5-4B16-A572-7A9694EF1D70}.Debug|Any CPU.ActiveCfg = Debug|Any CPU
		{C0C81FD4-E7F5-4B16-A572-7A9694EF1D70}.Debug|Any CPU.Build.0 = Debug|Any CPU
		{C0C81FD4-E7F5-4B16-A572-7A9694EF1D70}.Release|Any CPU.ActiveCfg = Release|Any CPU
		{C0C81FD4-E7F5-4B16-A572-7A9694EF1D70}.Release|Any CPU.Build.0 = Release|Any CPU
	EndGlobalSection
	GlobalSection(SolutionProperties) = preSolution
		HideSolutionNode = FALSE
	EndGlobalSection
	GlobalSection(ExtensibilityGlobals) = postSolution
		SolutionGuid = {099DE99E-3E2D-42EC-9C4A-833C4EA4D5C3}
	EndGlobalSection
EndGlobal
